
Microsoft Visual Studio Solution File, Format Version 12.00
# Visual Studio Version 16
VisualStudioVersion = 16.0.31129.286
MinimumVisualStudioVersion = 10.0.40219.1
Project("{2150E333-8FDC-42A3-9474-1A3956D46DE8}") = "src", "src", "{86907D19-F67B-4281-BB66-66B0CB30FAFD}"
EndProject
Project("{FAE04EC0-301F-11D3-BF4B-00C04F79EFBC}") = "rss2email", "src\rss2email\rss2email.csproj", "{15F598D5-45FB-463D-9DCA-0BC179B128A2}"
EndProject
Global
	GlobalSection(SolutionConfigurationPlatforms) = preSolution
		Debug|Any CPU = Debug|Any CPU
		Release|Any CPU = Release|Any CPU
	EndGlobalSection
	GlobalSection(ProjectConfigurationPlatforms) = postSolution
		{15F598D5-45FB-463D-9DCA-0BC179B128A2}.Debug|Any CPU.ActiveCfg = Debug|Any CPU
		{15F598D5-45FB-463D-9DCA-0BC179B128A2}.Debug|Any CPU.Build.0 = Debug|Any CPU
		{15F598D5-45FB-463D-9DCA-0BC179B128A2}.Release|Any CPU.ActiveCfg = Release|Any CPU
		{15F598D5-45FB-463D-9DCA-0BC179B128A2}.Release|Any CPU.Build.0 = Release|Any CPU
	EndGlobalSection
	GlobalSection(SolutionProperties) = preSolution
		HideSolutionNode = FALSE
	EndGlobalSection
	GlobalSection(NestedProjects) = preSolution
		{15F598D5-45FB-463D-9DCA-0BC179B128A2} = {86907D19-F67B-4281-BB66-66B0CB30FAFD}
	EndGlobalSection
	GlobalSection(ExtensibilityGlobals) = postSolution
		SolutionGuid = {A3311105-94C4-40F7-A72A-636DB05FA4C6}
	EndGlobalSection
EndGlobal
